[root]
name = "rusty-tags"
version = "0.2.0"
dependencies = [
 "glob 0.1.0 (git+https://github.com/rust-lang/glob)",
 "toml 0.1.4 (registry+https://github.com/rust-lang/crates.io-index)",
]

[[package]]
name = "glob"
version = "0.1.0"
source = "git+https://github.com/rust-lang/glob#7e1bd4c5917fde41861ee93e067d5d84d3caf5d1"

[[package]]
name = "toml"
version = "0.1.4"
source = "registry+https://github.com/rust-lang/crates.io-index"

